
Microsoft Visual Studio Solution File, Format Version 11.00
# Visual Studio 2010
Project("{E24C65DC-7377-472B-9ABA-BC803B73C61A}") = "ElitRunWebApplication", ".", "{C1B0D390-FDFB-45D4-9BCD-F6F8C295D7ED}"
	ProjectSection(WebsiteProperties) = preProject
		TargetFrameworkMoniker = ".NETFramework,Version%3Dv4.0"
		Debug.AspNetCompiler.VirtualPath = "/ElitRunWebApplication"
		Debug.AspNetCompiler.PhysicalPath = "..\ElitRunWebApplication\"
		Debug.AspNetCompiler.TargetPath = "PrecompiledWeb\ElitRunWebApplication\"
		Debug.AspNetCompiler.Updateable = "true"
		Debug.AspNetCompiler.ForceOverwrite = "true"
		Debug.AspNetCompiler.FixedNames = "false"
		Debug.AspNetCompiler.Debug = "True"
		Release.AspNetCompiler.VirtualPath = "/ElitRunWebApplication"
		Release.AspNetCompiler.PhysicalPath = "..\ElitRunWebApplication\"
		Release.AspNetCompiler.TargetPath = "PrecompiledWeb\ElitRunWebApplication\"
		Release.AspNetCompiler.Updateable = "true"
		Release.AspNetCompiler.ForceOverwrite = "true"
		Release.AspNetCompiler.FixedNames = "false"
		Release.AspNetCompiler.Debug = "False"
		VWDPort = "51124"
	EndProjectSection
EndProject
Global
	GlobalSection(SolutionConfigurationPlatforms) = preSolution
		Debug|Any CPU = Debug|Any CPU
	EndGlobalSection
	GlobalSection(ProjectConfigurationPlatforms) = postSolution
		{C1B0D390-FDFB-45D4-9BCD-F6F8C295D7ED}.Debug|Any CPU.ActiveCfg = Debug|Any CPU
		{C1B0D390-FDFB-45D4-9BCD-F6F8C295D7ED}.Debug|Any CPU.Build.0 = Debug|Any CPU
	EndGlobalSection
	GlobalSection(SolutionProperties) = preSolution
		HideSolutionNode = FALSE
	EndGlobalSection
EndGlobal
